
Microsoft Visual Studio Solution File, Format Version 12.00
# Visual Studio Version 16
VisualStudioVersion = 16.0.30330.147
MinimumVisualStudioVersion = 10.0.40219.1
Project("{FAE04EC0-301F-11D3-BF4B-00C04F79EFBC}") = "AIT_Rental", "AIT_Rental.csproj", "{5E954E19-9497-404A-9011-F21C950259D5}"
EndProject
Global
	GlobalSection(SolutionConfigurationPlatforms) = preSolution
		Debug|Any CPU = Debug|Any CPU
		Release|Any CPU = Release|Any CPU
	EndGlobalSection
	GlobalSection(ProjectConfigurationPlatforms) = postSolution
		{5E954E19-9497-404A-9011-F21C950259D5}.Debug|Any CPU.ActiveCfg = Debug|Any CPU
		{5E954E19-9497-404A-9011-F21C950259D5}.Debug|Any CPU.Build.0 = Debug|Any CPU
		{5E954E19-9497-404A-9011-F21C950259D5}.Release|Any CPU.ActiveCfg = Release|Any CPU
		{5E954E19-9497-404A-9011-F21C950259D5}.Release|Any CPU.Build.0 = Release|Any CPU
	EndGlobalSection
	GlobalSection(SolutionProperties) = preSolution
		HideSolutionNode = FALSE
	EndGlobalSection
	GlobalSection(ExtensibilityGlobals) = postSolution
		SolutionGuid = {F7849B83-4906-4BD9-A506-BE0BA51B5A09}
	EndGlobalSection
EndGlobal
